
Microsoft Visual Studio Solution File, Format Version 12.00
# Visual Studio Version 17
VisualStudioVersion = 17.0.31919.166
MinimumVisualStudioVersion = 10.0.40219.1
Project("{9A19103F-16F7-4668-BE54-9A1E7A4F7556}") = "Lexer", "Lexer\Lexer.csproj", "{D2AEAE46-71D7-42FC-A08F-2978CC610D24}"
EndProject
Global
	GlobalSection(SolutionConfigurationPlatforms) = preSolution
		Debug|Any CPU = Debug|Any CPU
		Release|Any CPU = Release|Any CPU
	EndGlobalSection
	GlobalSection(ProjectConfigurationPlatforms) = postSolution
		{D2AEAE46-71D7-42FC-A08F-2978CC610D24}.Debug|Any CPU.ActiveCfg = Debug|Any CPU
		{D2AEAE46-71D7-42FC-A08F-2978CC610D24}.Debug|Any CPU.Build.0 = Debug|Any CPU
		{D2AEAE46-71D7-42FC-A08F-2978CC610D24}.Release|Any CPU.ActiveCfg = Release|Any CPU
		{D2AEAE46-71D7-42FC-A08F-2978CC610D24}.Release|Any CPU.Build.0 = Release|Any CPU
	EndGlobalSection
	GlobalSection(SolutionProperties) = preSolution
		HideSolutionNode = FALSE
	EndGlobalSection
	GlobalSection(ExtensibilityGlobals) = postSolution
		SolutionGuid = {491E8612-6DE0-4F4B-B86D-A03CF14A8813}
	EndGlobalSection
EndGlobal
